// !$*UTF8*$!
{
	archiveVersion = 1;
	classes = {
	};
	objectVersion = 77;
	objects = {

/* Begin PBXContainerItemProxy section */
		EA9932322E22B4DD00048D97 /* PBXContainerItemProxy */ = {
			isa = PBXContainerItemProxy;
			containerPortal = EA99321C2E22B4DB00048D97 /* Project object */;
			proxyType = 1;
			remoteGlobalIDString = EA9932232E22B4DB00048D97;
			remoteInfo = SSDG;
		};
		EA99323C2E22B4DD00048D97 /* PBXContainerItemProxy */ = {
			isa = PBXContainerItemProxy;
			containerPortal = EA99321C2E22B4DB00048D97 /* Project object */;
			proxyType = 1;
			remoteGlobalIDString = EA9932232E22B4DB00048D97;
			remoteInfo = SSDG;
		};
/* End PBXContainerItemProxy section */

/* Begin PBXFileReference section */
		EA9932242E22B4DB00048D97 /* SSDG.app */ = {isa = PBXFileReference; explicitFileType = wrapper.application; includeInIndex = 0; path = SSDG.app; sourceTree = BUILT_PRODUCTS_DIR; };
		EA9932312E22B4DD00048D97 /* SSDGTests.xctest */ = {isa = PBXFileReference; explicitFileType = wrapper.cfbundle; includeInIndex = 0; path = SSDGTests.xctest; sourceTree = BUILT_PRODUCTS_DIR; };
		EA99323B2E22B4DD00048D97 /* SSDGUITests.xctest */ = {isa = PBXFileReference; explicitFileType = wrapper.cfbundle; includeInIndex = 0; path = SSDGUITests.xctest; sourceTree = BUILT_PRODUCTS_DIR; };
/* End PBXFileReference section */

/* Begin PBXFileSystemSynchronizedRootGroup section */
		EA9932262E22B4DB00048D97 /* SSDG */ = {
			isa = PBXFileSystemSynchronizedRootGroup;
			path = SSDG;
			sourceTree = "<group>";
		};
		EA9932342E22B4DD00048D97 /* SSDGTests */ = {
			isa = PBXFileSystemSynchronizedRootGroup;
			path = SSDGTests;
			sourceTree = "<group>";
		};
		EA99323E2E22B4DD00048D97 /* SSDGUITests */ = {
			isa = PBXFileSystemSynchronizedRootGroup;
			path = SSDGUITests;
			sourceTree = "<group>";
		};
/* End PBXFileSystemSynchronizedRootGroup section */

/* Begin PBXFrameworksBuildPhase section */
		EA9932212E22B4DB00048D97 /* Frameworks */ = {
			isa = PBXFrameworksBuildPhase;
			buildActionMask = 2147483647;
			files = (
			);
			runOnlyForDeploymentPostprocessing = 0;
		};
		EA99322E2E22B4DD00048D97 /* Frameworks */ = {
			isa = PBXFrameworksBuildPhase;
			buildActionMask = 2147483647;
			files = (
			);
			runOnlyForDeploymentPostprocessing = 0;
		};
		EA9932382E22B4DD00048D97 /* Frameworks */ = {
			isa = PBXFrameworksBuildPhase;
			buildActionMask = 2147483647;
			files = (
			);
			runOnlyForDeploymentPostprocessing = 0;
		};
/* End PBXFrameworksBuildPhase section */

/* Begin PBXGroup section */
		EA99321B2E22B4DB00048D97 = {
			isa = PBXGroup;
			children = (
				EA9932262E22B4DB00048D97 /* SSDG */,
				EA9932342E22B4DD00048D97 /* SSDGTests */,
				EA99323E2E22B4DD00048D97 /* SSDGUITests */,
				EA9932252E22B4DB00048D97 /* Products */,
			);
			sourceTree = "<group>";
		};
		EA9932252E22B4DB00048D97 /* Products */ = {
			isa = PBXGroup;
			children = (
				EA9932242E22B4DB00048D97 /* SSDG.app */,
				EA9932312E22B4DD00048D97 /* SSDGTests.xctest */,
				EA99323B2E22B4DD00048D97 /* SSDGUITests.xctest */,
			);
			name = Products;
			sourceTree = "<group>";
		};
/* End PBXGroup section */

/* Begin PBXNativeTarget section */
		EA9932232E22B4DB00048D97 /* SSDG */ = {
			isa = PBXNativeTarget;
			buildConfigurationList = EA9932452E22B4DD00048D97 /* Build configuration list for PBXNativeTarget "SSDG" */;
			buildPhases = (
				EA9932202E22B4DB00048D97 /* Sources */,
				EA9932212E22B4DB00048D97 /* Frameworks */,
				EA9932222E22B4DB00048D97 /* Resources */,
			);
			buildRules = (
			);
			dependencies = (
			);
			fileSystemSynchronizedGroups = (
				EA9932262E22B4DB00048D97 /* SSDG */,
			);
			name = SSDG;
			packageProductDependencies = (
			);
			productName = SSDG;
			productReference = EA9932242E22B4DB00048D97 /* SSDG.app */;
			productType = "com.apple.product-type.application";
		};
		EA9932302E22B4DD00048D97 /* SSDGTests */ = {
			isa = PBXNativeTarget;
			buildConfigurationList = EA9932482E22B4DD00048D97 /* Build configuration list for PBXNativeTarget "SSDGTests" */;
			buildPhases = (
				EA99322D2E22B4DD00048D97 /* Sources */,
				EA99322E2E22B4DD00048D97 /* Frameworks */,
				EA99322F2E22B4DD00048D97 /* Resources */,
			);
			buildRules = (
			);
			dependencies = (
				EA9932332E22B4DD00048D97 /* PBXTargetDependency */,
			);
			fileSystemSynchronizedGroups = (
				EA9932342E22B4DD00048D97 /* SSDGTests */,
			);
			name = SSDGTests;
			packageProductDependencies = (
			);
			productName = SSDGTests;
			productReference = EA9932312E22B4DD00048D97 /* SSDGTests.xctest */;
			productType = "com.apple.product-type.bundle.unit-test";
		};
		EA99323A2E22B4DD00048D97 /* SSDGUITests */ = {
			isa = PBXNativeTarget;
			buildConfigurationList = EA99324B2E22B4DD00048D97 /* Build configuration list for PBXNativeTarget "SSDGUITests" */;
			buildPhases = (
				EA9932372E22B4DD00048D97 /* Sources */,
				EA9932382E22B4DD00048D97 /* Frameworks */,
				EA9932392E22B4DD00048D97 /* Resources */,
			);
			buildRules = (
			);
			dependencies = (
				EA99323D2E22B4DD00048D97 /* PBXTargetDependency */,
			);
			fileSystemSynchronizedGroups = (
				EA99323E2E22B4DD00048D97 /* SSDGUITests */,
			);
			name = SSDGUITests;
			packageProductDependencies = (
			);
			productName = SSDGUITests;
			productReference = EA99323B2E22B4DD00048D97 /* SSDGUITests.xctest */;
			productType = "com.apple.product-type.bundle.ui-testing";
		};
/* End PBXNativeTarget section */

/* Begin PBXProject section */
		EA99321C2E22B4DB00048D97 /* Project object */ = {
			isa = PBXProject;
			attributes = {
				BuildIndependentTargetsInParallel = 1;
				LastSwiftUpdateCheck = 1640;
				LastUpgradeCheck = 1640;
				TargetAttributes = {
					EA9932232E22B4DB00048D97 = {
						CreatedOnToolsVersion = 16.4;
					};
					EA9932302E22B4DD00048D97 = {
						CreatedOnToolsVersion = 16.4;
						TestTargetID = EA9932232E22B4DB00048D97;
					};
					EA99323A2E22B4DD00048D97 = {
						CreatedOnToolsVersion = 16.4;
						TestTargetID = EA9932232E22B4DB00048D97;
					};
				};
			};
			buildConfigurationList = EA99321F2E22B4DB00048D97 /* Build configuration list for PBXProject "SSDG" */;
			developmentRegion = en;
			hasScannedForEncodings = 0;
			knownRegions = (
				en,
				Base,
			);
			mainGroup = EA99321B2E22B4DB00048D97;
			minimizedProjectReferenceProxies = 1;
			preferredProjectObjectVersion = 77;
			productRefGroup = EA9932252E22B4DB00048D97 /* Products */;
			projectDirPath = "";
			projectRoot = "";
			targets = (
				EA9932232E22B4DB00048D97 /* SSDG */,
				EA9932302E22B4DD00048D97 /* SSDGTests */,
				EA99323A2E22B4DD00048D97 /* SSDGUITests */,
			);
		};
/* End PBXProject section */

/* Begin PBXResourcesBuildPhase section */
		EA9932222E22B4DB00048D97 /* Resources */ = {
			isa = PBXResourcesBuildPhase;
			buildActionMask = 2147483647;
			files = (
			);
			runOnlyForDeploymentPostprocessing = 0;
		};
		EA99322F2E22B4DD00048D97 /* Resources */ = {
			isa = PBXResourcesBuildPhase;
			buildActionMask = 2147483647;
			files = (
			);
			runOnlyForDeploymentPostprocessing = 0;
		};
		EA9932392E22B4DD00048D97 /* Resources */ = {
			isa = PBXResourcesBuildPhase;
			buildActionMask = 2147483647;
			files = (
			);
			runOnlyForDeploymentPostprocessing = 0;
		};
/* End PBXResourcesBuildPhase section */

/* Begin PBXSourcesBuildPhase section */
		EA9932202E22B4DB00048D97 /* Sources */ = {
			isa = PBXSourcesBuildPhase;
			buildActionMask = 2147483647;
			files = (
			);
			runOnlyForDeploymentPostprocessing = 0;
		};
		EA99322D2E22B4DD00048D97 /* Sources */ = {
			isa = PBXSourcesBuildPhase;
			buildActionMask = 2147483647;
			files = (
			);
			runOnlyForDeploymentPostprocessing = 0;
		};
		EA9932372E22B4DD00048D97 /* Sources */ = {
			isa = PBXSourcesBuildPhase;
			buildActionMask = 2147483647;
			files = (
			);
			runOnlyForDeploymentPostprocessing = 0;
		};
/* End PBXSourcesBuildPhase section */

/* Begin PBXTargetDependency section */
		EA9932332E22B4DD00048D97 /* PBXTargetDependency */ = {
			isa = PBXTargetDependency;
			target = EA9932232E22B4DB00048D97 /* SSDG */;
			targetProxy = EA9932322E22B4DD00048D97 /* PBXContainerItemProxy */;
		};
		EA99323D2E22B4DD00048D97 /* PBXTargetDependency */ = {
			isa = PBXTargetDependency;
			target = EA9932232E22B4DB00048D97 /* SSDG */;
			targetProxy = EA99323C2E22B4DD00048D97 /* PBXContainerItemProxy */;
		};
/* End PBXTargetDependency section */

/* Begin XCBuildConfiguration section */
		EA9932432E22B4DD00048D97 /* Debug */ = {
			isa = XCBuildConfiguration;
			buildSettings = {
				ALWAYS_SEARCH_USER_PATHS = NO;
				ASSETCATALOG_COMPILER_GENERATE_SWIFT_ASSET_SYMBOL_EXTENSIONS = YES;
				CLANG_ANALYZER_NONNULL = YES;
				CLANG_ANALYZER_NUMBER_OBJECT_CONVERSION = YES_AGGRESSIVE;
				CLANG_CXX_LANGUAGE_STANDARD = "gnu++20";
				CLANG_ENABLE_MODULES = YES;
				CLANG_ENABLE_OBJC_ARC = YES;
				CLANG_ENABLE_OBJC_WEAK = YES;
				CLANG_WARN_BLOCK_CAPTURE_AUTORELEASING = YES;
				CLANG_WARN_BOOL_CONVERSION = YES;
				CLANG_WARN_COMMA = YES;
				CLANG_WARN_CONSTANT_CONVERSION = YES;
				CLANG_WARN_DEPRECATED_OBJC_IMPLEMENTATIONS = YES;
				CLANG_WARN_DIRECT_OBJC_ISA_USAGE = YES_ERROR;
				CLANG_WARN_DOCUMENTATION_COMMENTS = YES;
				CLANG_WARN_EMPTY_BODY = YES;
				CLANG_WARN_ENUM_CONVERSION = YES;
				CLANG_WARN_INFINITE_RECURSION = YES;
				CLANG_WARN_INT_CONVERSION = YES;
				CLANG_WARN_NON_LITERAL_NULL_CONVERSION = YES;
				CLANG_WARN_OBJC_IMPLICIT_RETAIN_SELF = YES;
				CLANG_WARN_OBJC_LITERAL_CONVERSION = YES;
				CLANG_WARN_OBJC_ROOT_CLASS = YES_ERROR;
				CLANG_WARN_QUOTED_INCLUDE_IN_FRAMEWORK_HEADER = YES;
				CLANG_WARN_RANGE_LOOP_ANALYSIS = YES;
				CLANG_WARN_STRICT_PROTOTYPES = YES;
				CLANG_WARN_SUSPICIOUS_MOVE = YES;
				CLANG_WARN_UNGUARDED_AVAILABILITY = YES_AGGRESSIVE;
				CLANG_WARN_UNREACHABLE_CODE = YES;
				CLANG_WARN__DUPLICATE_METHOD_MATCH = YES;
				COPY_PHASE_STRIP = NO;
				DEBUG_INFORMATION_FORMAT = dwarf;
				DEVELOPMENT_TEAM = J4A268UTX3;
				ENABLE_STRICT_OBJC_MSGSEND = YES;
				ENABLE_TESTABILITY = YES;
				ENABLE_USER_SCRIPT_SANDBOXING = YES;
				GCC_C_LANGUAGE_STANDARD = gnu17;
				GCC_DYNAMIC_NO_PIC = NO;
				GCC_NO_COMMON_BLOCKS = YES;
				GCC_OPTIMIZATION_LEVEL = 0;
				GCC_PREPROCESSOR_DEFINITIONS = (
					"DEBUG=1",
					"$(inherited)",
				);
				GCC_WARN_64_TO_32_BIT_CONVERSION = YES;
				GCC_WARN_ABOUT_RETURN_TYPE = YES_ERROR;
				GCC_WARN_UNDECLARED_SELECTOR = YES;
				GCC_WARN_UNINITIALIZED_AUTOS = YES_AGGRESSIVE;
				GCC_WARN_UNUSED_FUNCTION = YES;
				GCC_WARN_UNUSED_VARIABLE = YES;
				IPHONEOS_DEPLOYMENT_TARGET = 15.1;
				LOCALIZATION_PREFERS_STRING_CATALOGS = YES;
				MTL_ENABLE_DEBUG_INFO = INCLUDE_SOURCE;
				MTL_FAST_MATH = YES;
				ONLY_ACTIVE_ARCH = YES;
				SDKROOT = iphoneos;
				SWIFT_ACTIVE_COMPILATION_CONDITIONS = "DEBUG $(inherited)";
				SWIFT_OPTIMIZATION_LEVEL = "-Onone";
			};
			name = Debug;
		};
		EA9932442E22B4DD00048D97 /* Release */ = {
			isa = XCBuildConfiguration;
			buildSettings = {
				ALWAYS_SEARCH_USER_PATHS = NO;
				ASSETCATALOG_COMPILER_GENERATE_SWIFT_ASSET_SYMBOL_EXTENSIONS = YES;
				CLANG_ANALYZER_NONNULL = YES;
				CLANG_ANALYZER_NUMBER_OBJECT_CONVERSION = YES_AGGRESSIVE;
				CLANG_CXX_LANGUAGE_STANDARD = "gnu++20";
				CLANG_ENABLE_MODULES = YES;
				CLANG_ENABLE_OBJC_ARC = YES;
				CLANG_ENABLE_OBJC_WEAK = YES;
				CLANG_WARN_BLOCK_CAPTURE_AUTORELEASING = YES;
				CLANG_WARN_BOOL_CONVERSION = YES;
				CLANG_WARN_COMMA = YES;
				CLANG_WARN_CONSTANT_CONVERSION = YES;
				CLANG_WARN_DEPRECATED_OBJC_IMPLEMENTATIONS = YES;
				CLANG_WARN_DIRECT_OBJC_ISA_USAGE = YES_ERROR;
				CLANG_WARN_DOCUMENTATION_COMMENTS = YES;
				CLANG_WARN_EMPTY_BODY = YES;
				CLANG_WARN_ENUM_CONVERSION = YES;
				CLANG_WARN_INFINITE_RECURSION = YES;
				CLANG_WARN_INT_CONVERSION = YES;
				CLANG_WARN_NON_LITERAL_NULL_CONVERSION = YES;
				CLANG_WARN_OBJC_IMPLICIT_RETAIN_SELF = YES;
				CLANG_WARN_OBJC_LITERAL_CONVERSION = YES;
				CLANG_WARN_OBJC_ROOT_CLASS = YES_ERROR;
				CLANG_WARN_QUOTED_INCLUDE_IN_FRAMEWORK_HEADER = YES;
				CLANG_WARN_RANGE_LOOP_ANALYSIS = YES;
				CLANG_WARN_STRICT_PROTOTYPES = YES;
				CLANG_WARN_SUSPICIOUS_MOVE = YES;
				CLANG_WARN_UNGUARDED_AVAILABILITY = YES_AGGRESSIVE;
				CLANG_WARN_UNREACHABLE_CODE = YES;
				CLANG_WARN__DUPLICATE_METHOD_MATCH = YES;
				COPY_PHASE_STRIP = NO;
				DEBUG_INFORMATION_FORMAT = "dwarf-with-dsym";
				DEVELOPMENT_TEAM = J4A268UTX3;
				ENABLE_NS_ASSERTIONS = NO;
				ENABLE_STRICT_OBJC_MSGSEND = YES;
				ENABLE_USER_SCRIPT_SANDBOXING = YES;
				GCC_C_LANGUAGE_STANDARD = gnu17;
				GCC_NO_COMMON_BLOCKS = YES;
				GCC_WARN_64_TO_32_BIT_CONVERSION = YES;
				GCC_WARN_ABOUT_RETURN_TYPE = YES_ERROR;
				GCC_WARN_UNDECLARED_SELECTOR = YES;
				GCC_WARN_UNINITIALIZED_AUTOS = YES_AGGRESSIVE;
				GCC_WARN_UNUSED_FUNCTION = YES;
				GCC_WARN_UNUSED_VARIABLE = YES;
				IPHONEOS_DEPLOYMENT_TARGET = 15.1;
				LOCALIZATION_PREFERS_STRING_CATALOGS = YES;
				MTL_ENABLE_DEBUG_INFO = NO;
				MTL_FAST_MATH = YES;
				SDKROOT = iphoneos;
				SWIFT_COMPILATION_MODE = wholemodule;
				VALIDATE_PRODUCT = YES;
			};
			name = Release;
		};
		EA9932462E22B4DD00048D97 /* Debug */ = {
			isa = XCBuildConfiguration;
			buildSettings = {
				ASSETCATALOG_COMPILER_APPICON_NAME = AppIcon;
				ASSETCATALOG_COMPILER_GLOBAL_ACCENT_COLOR_NAME = AccentColor;
				CODE_SIGN_ALLOW_ENTITLEMENTS_MODIFICATION = YES;
				CODE_SIGN_ENTITLEMENTS = SSDG/SSDG.entitlements;
				CODE_SIGN_STYLE = Automatic;
				CURRENT_PROJECT_VERSION = 1;
				DEVELOPMENT_TEAM = XPS5T8BWB3;
				ENABLE_PREVIEWS = YES;
				GENERATE_INFOPLIST_FILE = YES;
				INFOPLIST_KEY_BGTaskSchedulerPermittedIdentifiers = "com.apple.health.dailysync com.apple.health.datacheck";
				INFOPLIST_KEY_CFBundleDisplayName = "Health Data Tracker";
				INFOPLIST_KEY_NSHealthShareUsageDescription = "Health Data Tracker needs to read your health data to provide comprehensive health analytics and synchronization";
				INFOPLIST_KEY_NSHealthUpdateUsageDescription = "Health Data Tracker needs to write health data for comprehensive health monitoring and synchronization";
				INFOPLIST_KEY_NSUserNotificationUsageDescription = "Health Data Tracker needs to send notifications for health monitoring reminders and sync status updates";
				INFOPLIST_KEY_UIApplicationSceneManifest_Generation = YES;
				INFOPLIST_KEY_UIApplicationSupportsIndirectInputEvents = YES;
				INFOPLIST_KEY_UIBackgroundModes = "background-app-refresh background-processing";
				INFOPLIST_KEY_UILaunchScreen_Generation = YES;
				INFOPLIST_KEY_UISupportedInterfaceOrientations_iPad = "UIInterfaceOrientationPortrait UIInterfaceOrientationPortraitUpsideDown UIInterfaceOrientationLandscapeLeft UIInterfaceOrientationLandscapeRight";
				INFOPLIST_KEY_UISupportedInterfaceOrientations_iPhone = "UIInterfaceOrientationPortrait UIInterfaceOrientationLandscapeLeft UIInterfaceOrientationLandscapeRight";
				LD_RUNPATH_SEARCH_PATHS = (
					"$(inherited)",
					"@executable_path/Frameworks",
				);
				MARKETING_VERSION = 1.0;
				PRODUCT_BUNDLE_IDENTIFIER = com.apple.health.datatracker;
				PRODUCT_NAME = "$(TARGET_NAME)";
				SWIFT_EMIT_LOC_STRINGS = YES;
				SWIFT_VERSION = 5.0;
				TARGETED_DEVICE_FAMILY = "1,2";
			};
			name = Debug;
		};
		EA9932472E22B4DD00048D97 /* Release */ = {
			isa = XCBuildConfiguration;
			buildSettings = {
				ASSETCATALOG_COMPILER_APPICON_NAME = AppIcon;
				ASSETCATALOG_COMPILER_GLOBAL_ACCENT_COLOR_NAME = AccentColor;
				CODE_SIGN_ALLOW_ENTITLEMENTS_MODIFICATION = YES;
				CODE_SIGN_ENTITLEMENTS = SSDG/SSDG.entitlements;
				CODE_SIGN_STYLE = Automatic;
				CURRENT_PROJECT_VERSION = 1;
				DEVELOPMENT_TEAM = XPS5T8BWB3;
				ENABLE_PREVIEWS = YES;
				GENERATE_INFOPLIST_FILE = YES;
				INFOPLIST_KEY_BGTaskSchedulerPermittedIdentifiers = "com.apple.health.dailysync com.apple.health.datacheck";
				INFOPLIST_KEY_CFBundleDisplayName = "Health Data Tracker";
				INFOPLIST_KEY_NSHealthShareUsageDescription = "Health Data Tracker needs to read your health data to provide comprehensive health analytics and synchronization";
				INFOPLIST_KEY_NSHealthUpdateUsageDescription = "Health Data Tracker needs to write health data for comprehensive health monitoring and synchronization";
				INFOPLIST_KEY_NSUserNotificationUsageDescription = "Health Data Tracker needs to send notifications for health monitoring reminders and sync status updates";
				INFOPLIST_KEY_UIApplicationSceneManifest_Generation = YES;
				INFOPLIST_KEY_UIApplicationSupportsIndirectInputEvents = YES;
				INFOPLIST_KEY_UIBackgroundModes = "background-app-refresh background-processing";
				INFOPLIST_KEY_UILaunchScreen_Generation = YES;
				INFOPLIST_KEY_UISupportedInterfaceOrientations_iPad = "UIInterfaceOrientationPortrait UIInterfaceOrientationPortraitUpsideDown UIInterfaceOrientationLandscapeLeft UIInterfaceOrientationLandscapeRight";
				INFOPLIST_KEY_UISupportedInterfaceOrientations_iPhone = "UIInterfaceOrientationPortrait UIInterfaceOrientationLandscapeLeft UIInterfaceOrientationLandscapeRight";
				LD_RUNPATH_SEARCH_PATHS = (
					"$(inherited)",
					"@executable_path/Frameworks",
				);
				MARKETING_VERSION = 1.0;
				PRODUCT_BUNDLE_IDENTIFIER = com.apple.health.datatracker;
				PRODUCT_NAME = "$(TARGET_NAME)";
				SWIFT_EMIT_LOC_STRINGS = YES;
				SWIFT_VERSION = 5.0;
				TARGETED_DEVICE_FAMILY = "1,2";
			};
			name = Release;
		};
		EA9932492E22B4DD00048D97 /* Debug */ = {
			isa = XCBuildConfiguration;
			buildSettings = {
				BUNDLE_LOADER = "$(TEST_HOST)";
				CODE_SIGN_STYLE = Automatic;
				CURRENT_PROJECT_VERSION = 1;
				DEVELOPMENT_TEAM = J4A268UTX3;
				GENERATE_INFOPLIST_FILE = YES;
				IPHONEOS_DEPLOYMENT_TARGET = 15.1;
				MARKETING_VERSION = 1.0;
				PRODUCT_BUNDLE_IDENTIFIER = com.ssdatagen.SSDGTests;
				PRODUCT_NAME = "$(TARGET_NAME)";
				SWIFT_EMIT_LOC_STRINGS = NO;
				SWIFT_VERSION = 5.0;
				TARGETED_DEVICE_FAMILY = "1,2";
				TEST_HOST = "$(BUILT_PRODUCTS_DIR)/SSDG.app/$(BUNDLE_EXECUTABLE_FOLDER_PATH)/SSDG";
			};
			name = Debug;
		};
		EA99324A2E22B4DD00048D97 /* Release */ = {
			isa = XCBuildConfiguration;
			buildSettings = {
				BUNDLE_LOADER = "$(TEST_HOST)";
				CODE_SIGN_STYLE = Automatic;
				CURRENT_PROJECT_VERSION = 1;
				DEVELOPMENT_TEAM = J4A268UTX3;
				GENERATE_INFOPLIST_FILE = YES;
				IPHONEOS_DEPLOYMENT_TARGET = 15.1;
				MARKETING_VERSION = 1.0;
				PRODUCT_BUNDLE_IDENTIFIER = com.ssdatagen.SSDGTests;
				PRODUCT_NAME = "$(TARGET_NAME)";
				SWIFT_EMIT_LOC_STRINGS = NO;
				SWIFT_VERSION = 5.0;
				TARGETED_DEVICE_FAMILY = "1,2";
				TEST_HOST = "$(BUILT_PRODUCTS_DIR)/SSDG.app/$(BUNDLE_EXECUTABLE_FOLDER_PATH)/SSDG";
			};
			name = Release;
		};
		EA99324C2E22B4DD00048D97 /* Debug */ = {
			isa = XCBuildConfiguration;
			buildSettings = {
				CODE_SIGN_STYLE = Automatic;
				CURRENT_PROJECT_VERSION = 1;
				DEVELOPMENT_TEAM = J4A268UTX3;
				GENERATE_INFOPLIST_FILE = YES;
				MARKETING_VERSION = 1.0;
				PRODUCT_BUNDLE_IDENTIFIER = com.ssdatagen.SSDGUITests;
				PRODUCT_NAME = "$(TARGET_NAME)";
				SWIFT_EMIT_LOC_STRINGS = NO;
				SWIFT_VERSION = 5.0;
				TARGETED_DEVICE_FAMILY = "1,2";
				TEST_TARGET_NAME = SSDG;
			};
			name = Debug;
		};
		EA99324D2E22B4DD00048D97 /* Release */ = {
			isa = XCBuildConfiguration;
			buildSettings = {
				CODE_SIGN_STYLE = Automatic;
				CURRENT_PROJECT_VERSION = 1;
				DEVELOPMENT_TEAM = J4A268UTX3;
				GENERATE_INFOPLIST_FILE = YES;
				MARKETING_VERSION = 1.0;
				PRODUCT_BUNDLE_IDENTIFIER = com.ssdatagen.SSDGUITests;
				PRODUCT_NAME = "$(TARGET_NAME)";
				SWIFT_EMIT_LOC_STRINGS = NO;
				SWIFT_VERSION = 5.0;
				TARGETED_DEVICE_FAMILY = "1,2";
				TEST_TARGET_NAME = SSDG;
			};
			name = Release;
		};
/* End XCBuildConfiguration section */

/* Begin XCConfigurationList section */
		EA99321F2E22B4DB00048D97 /* Build configuration list for PBXProject "SSDG" */ = {
			isa = XCConfigurationList;
			buildConfigurations = (
				EA9932432E22B4DD00048D97 /* Debug */,
				EA9932442E22B4DD00048D97 /* Release */,
			);
			defaultConfigurationIsVisible = 0;
			defaultConfigurationName = Release;
		};
		EA9932452E22B4DD00048D97 /* Build configuration list for PBXNativeTarget "SSDG" */ = {
			isa = XCConfigurationList;
			buildConfigurations = (
				EA9932462E22B4DD00048D97 /* Debug */,
				EA9932472E22B4DD00048D97 /* Release */,
			);
			defaultConfigurationIsVisible = 0;
			defaultConfigurationName = Release;
		};
		EA9932482E22B4DD00048D97 /* Build configuration list for PBXNativeTarget "SSDGTests" */ = {
			isa = XCConfigurationList;
			buildConfigurations = (
				EA9932492E22B4DD00048D97 /* Debug */,
				EA99324A2E22B4DD00048D97 /* Release */,
			);
			defaultConfigurationIsVisible = 0;
			defaultConfigurationName = Release;
		};
		EA99324B2E22B4DD00048D97 /* Build configuration list for PBXNativeTarget "SSDGUITests" */ = {
			isa = XCConfigurationList;
			buildConfigurations = (
				EA99324C2E22B4DD00048D97 /* Debug */,
				EA99324D2E22B4DD00048D97 /* Release */,
			);
			defaultConfigurationIsVisible = 0;
			defaultConfigurationName = Release;
		};
/* End XCConfigurationList section */
	};
	rootObject = EA99321C2E22B4DB00048D97 /* Project object */;
}
